
Microsoft Visual Studio Solution File, Format Version 12.00
# Visual Studio Version 17
VisualStudioVersion = 17.0.31903.59
MinimumVisualStudioVersion = 10.0.40219.1
Project("{9A19103F-16F7-4668-BE54-9A1E7A4F7556}") = "WinFormsMVCDotnet6", "WinFormsMVC\WinFormsMVCDotnet6.csproj", "{7C6D850A-D62A-47D4-9AF0-E2C89C192A57}"
EndProject
Project("{9A19103F-16F7-4668-BE54-9A1E7A4F7556}") = "WinFormsMVCDotnet6UnitTest", "WinFormsMVCUnitTest\WinFormsMVCDotnet6UnitTest.csproj", "{42E021BA-8F34-4D15-A511-C46C0851CC41}"
EndProject
Global
	GlobalSection(SolutionConfigurationPlatforms) = preSolution
		Debug|Any CPU = Debug|Any CPU
		Release|Any CPU = Release|Any CPU
	EndGlobalSection
	GlobalSection(ProjectConfigurationPlatforms) = postSolution
		{7C6D850A-D62A-47D4-9AF0-E2C89C192A57}.Debug|Any CPU.ActiveCfg = Debug|Any CPU
		{7C6D850A-D62A-47D4-9AF0-E2C89C192A57}.Debug|Any CPU.Build.0 = Debug|Any CPU
		{7C6D850A-D62A-47D4-9AF0-E2C89C192A57}.Release|Any CPU.ActiveCfg = Release|Any CPU
		{7C6D850A-D62A-47D4-9AF0-E2C89C192A57}.Release|Any CPU.Build.0 = Release|Any CPU
		{42E021BA-8F34-4D15-A511-C46C0851CC41}.Debug|Any CPU.ActiveCfg = Debug|Any CPU
		{42E021BA-8F34-4D15-A511-C46C0851CC41}.Debug|Any CPU.Build.0 = Debug|Any CPU
		{42E021BA-8F34-4D15-A511-C46C0851CC41}.Release|Any CPU.ActiveCfg = Release|Any CPU
		{42E021BA-8F34-4D15-A511-C46C0851CC41}.Release|Any CPU.Build.0 = Release|Any CPU
	EndGlobalSection
	GlobalSection(SolutionProperties) = preSolution
		HideSolutionNode = FALSE
	EndGlobalSection
	GlobalSection(ExtensibilityGlobals) = postSolution
		SolutionGuid = {700F49FE-FFC9-430F-84CF-4330F491BA87}
	EndGlobalSection
EndGlobal
