
Microsoft Visual Studio Solution File, Format Version 12.00
# Visual Studio Version 16
VisualStudioVersion = 16.0.31702.278
MinimumVisualStudioVersion = 10.0.40219.1
Project("{FAE04EC0-301F-11D3-BF4B-00C04F79EFBC}") = "WinFormsMVCSample", "WinFormsMVCSample\WinFormsMVCSample.csproj", "{8DDDDBBF-1440-42C3-A5A8-B2E2203C0D3F}"
EndProject
Project("{FAE04EC0-301F-11D3-BF4B-00C04F79EFBC}") = "WinFormsMVC", "WinFormsMVC\WinFormsMVC.csproj", "{30D6C4C2-ACC9-4778-AB8F-5707A863909E}"
EndProject
Project("{7CF6DF6D-3B04-46F8-A40B-537D21BCA0B4}") = "WinFormsMVCHelp", "WinFormsMVCHelp\WinFormsMVCHelp.shfbproj", "{5A2ACDCE-91D7-498E-838A-AFEF03938EA9}"
EndProject
Project("{FAE04EC0-301F-11D3-BF4B-00C04F79EFBC}") = "WinFormsMVCUnitTest", "WinFormsMVCUnitTest\WinFormsMVCUnitTest.csproj", "{CA3C1220-4235-4E3D-A308-3A9294080A81}"
EndProject
Global
	GlobalSection(SolutionConfigurationPlatforms) = preSolution
		Debug|Any CPU = Debug|Any CPU
		Release|Any CPU = Release|Any CPU
	EndGlobalSection
	GlobalSection(ProjectConfigurationPlatforms) = postSolution
		{8DDDDBBF-1440-42C3-A5A8-B2E2203C0D3F}.Debug|Any CPU.ActiveCfg = Debug|Any CPU
		{8DDDDBBF-1440-42C3-A5A8-B2E2203C0D3F}.Debug|Any CPU.Build.0 = Debug|Any CPU
		{8DDDDBBF-1440-42C3-A5A8-B2E2203C0D3F}.Release|Any CPU.ActiveCfg = Release|Any CPU
		{8DDDDBBF-1440-42C3-A5A8-B2E2203C0D3F}.Release|Any CPU.Build.0 = Release|Any CPU
		{30D6C4C2-ACC9-4778-AB8F-5707A863909E}.Debug|Any CPU.ActiveCfg = Debug|Any CPU
		{30D6C4C2-ACC9-4778-AB8F-5707A863909E}.Debug|Any CPU.Build.0 = Debug|Any CPU
		{30D6C4C2-ACC9-4778-AB8F-5707A863909E}.Release|Any CPU.ActiveCfg = Release|Any CPU
		{30D6C4C2-ACC9-4778-AB8F-5707A863909E}.Release|Any CPU.Build.0 = Release|Any CPU
		{5A2ACDCE-91D7-498E-838A-AFEF03938EA9}.Debug|Any CPU.ActiveCfg = Debug|Any CPU
		{5A2ACDCE-91D7-498E-838A-AFEF03938EA9}.Debug|Any CPU.Build.0 = Debug|Any CPU
		{5A2ACDCE-91D7-498E-838A-AFEF03938EA9}.Release|Any CPU.ActiveCfg = Release|Any CPU
		{5A2ACDCE-91D7-498E-838A-AFEF03938EA9}.Release|Any CPU.Build.0 = Release|Any CPU
		{CA3C1220-4235-4E3D-A308-3A9294080A81}.Debug|Any CPU.ActiveCfg = Debug|Any CPU
		{CA3C1220-4235-4E3D-A308-3A9294080A81}.Debug|Any CPU.Build.0 = Debug|Any CPU
		{CA3C1220-4235-4E3D-A308-3A9294080A81}.Release|Any CPU.ActiveCfg = Release|Any CPU
		{CA3C1220-4235-4E3D-A308-3A9294080A81}.Release|Any CPU.Build.0 = Release|Any CPU
	EndGlobalSection
	GlobalSection(SolutionProperties) = preSolution
		HideSolutionNode = FALSE
	EndGlobalSection
	GlobalSection(ExtensibilityGlobals) = postSolution
		SolutionGuid = {C7F9B011-1773-4C95-BE98-CD28C56EC787}
	EndGlobalSection
EndGlobal
